
Microsoft Visual Studio Solution File, Format Version 12.00
# Visual Studio Version 17
VisualStudioVersion = 17.2.32630.192
MinimumVisualStudioVersion = 10.0.40219.1
Project("{FAE04EC0-301F-11D3-BF4B-00C04F79EFBC}") = "Cascading", "Cascading\Cascading.csproj", "{B9AB0FE3-C709-4D53-B4D7-597408871BD2}"
EndProject
Global
	GlobalSection(SolutionConfigurationPlatforms) = preSolution
		Debug|Any CPU = Debug|Any CPU
		Release|Any CPU = Release|Any CPU
	EndGlobalSection
	GlobalSection(ProjectConfigurationPlatforms) = postSolution
		{B9AB0FE3-C709-4D53-B4D7-597408871BD2}.Debug|Any CPU.ActiveCfg = Debug|Any CPU
		{B9AB0FE3-C709-4D53-B4D7-597408871BD2}.Debug|Any CPU.Build.0 = Debug|Any CPU
		{B9AB0FE3-C709-4D53-B4D7-597408871BD2}.Release|Any CPU.ActiveCfg = Release|Any CPU
		{B9AB0FE3-C709-4D53-B4D7-597408871BD2}.Release|Any CPU.Build.0 = Release|Any CPU
	EndGlobalSection
	GlobalSection(SolutionProperties) = preSolution
		HideSolutionNode = FALSE
	EndGlobalSection
	GlobalSection(ExtensibilityGlobals) = postSolution
		SolutionGuid = {76277434-6F16-493D-9224-C422ED403756}
	EndGlobalSection
EndGlobal
